// !$*UTF8*$!
{
	archiveVersion = 1;
	classes = {
	};
	objectVersion = 56;
	objects = {

/* Begin PBXBuildFile section */
		490803D32C9142AA0033281E /* LaunchScreenView.swift in Sources */ = {isa = PBXBuildFile; fileRef = 490803D22C9142AA0033281E /* LaunchScreenView.swift */; };
		490804132C9194AF0033281E /* VideoView.swift in Sources */ = {isa = PBXBuildFile; fileRef = 490804122C9194AF0033281E /* VideoView.swift */; };
		490804152C9197B90033281E /* ImageView.swift in Sources */ = {isa = PBXBuildFile; fileRef = 490804142C9197B90033281E /* ImageView.swift */; };
		496371032C8C260C009BB71E /* PlanetInfoView.swift in Sources */ = {isa = PBXBuildFile; fileRef = 496371022C8C260C009BB71E /* PlanetInfoView.swift */; };
		496371092C8CCFBA009BB71E /* Flashcard.swift in Sources */ = {isa = PBXBuildFile; fileRef = 496371082C8CCFBA009BB71E /* Flashcard.swift */; };
		4963710B2C8CD0D4009BB71E /* QuizFlashcard.swift in Sources */ = {isa = PBXBuildFile; fileRef = 4963710A2C8CD0D3009BB71E /* QuizFlashcard.swift */; };
		4963710D2C8CD225009BB71E /* FlashcardViewModel.swift in Sources */ = {isa = PBXBuildFile; fileRef = 4963710C2C8CD225009BB71E /* FlashcardViewModel.swift */; };
		4963710F2C8CD35B009BB71E /* CardView.swift in Sources */ = {isa = PBXBuildFile; fileRef = 4963710E2C8CD35B009BB71E /* CardView.swift */; };
		496371112C8CD518009BB71E /* FlashcardView.swift in Sources */ = {isa = PBXBuildFile; fileRef = 496371102C8CD518009BB71E /* FlashcardView.swift */; };
		49DE14ED2C9576970084B767 /* SearchBar.swift in Sources */ = {isa = PBXBuildFile; fileRef = 49DE14EC2C9576970084B767 /* SearchBar.swift */; };
		49DE14EF2C95861E0084B767 /* SectionHeader.swift in Sources */ = {isa = PBXBuildFile; fileRef = 49DE14EE2C95861E0084B767 /* SectionHeader.swift */; };
		49DE14F12C958C0D0084B767 /* MediaView.swift in Sources */ = {isa = PBXBuildFile; fileRef = 49DE14F02C958C0D0084B767 /* MediaView.swift */; };
		49DE14F32C9593C40084B767 /* AllPlanet.swift in Sources */ = {isa = PBXBuildFile; fileRef = 49DE14F22C9593C40084B767 /* AllPlanet.swift */; };
		49DE14F92C9595210084B767 /* IntroView2.swift in Sources */ = {isa = PBXBuildFile; fileRef = 49DE14F82C9595210084B767 /* IntroView2.swift */; };
		49E63EE22C88166D00D30092 /* CosmosEdApp.swift in Sources */ = {isa = PBXBuildFile; fileRef = 49E63EE12C88166D00D30092 /* CosmosEdApp.swift */; };
		49E63EE42C88166D00D30092 /* ContentView.swift in Sources */ = {isa = PBXBuildFile; fileRef = 49E63EE32C88166D00D30092 /* ContentView.swift */; };
		49E63EE62C88166E00D30092 /* Assets.xcassets in Resources */ = {isa = PBXBuildFile; fileRef = 49E63EE52C88166E00D30092 /* Assets.xcassets */; };
		49E63EE92C88166E00D30092 /* Preview Assets.xcassets in Resources */ = {isa = PBXBuildFile; fileRef = 49E63EE82C88166E00D30092 /* Preview Assets.xcassets */; };
		49E8584E2C89749D005352F1 /* Planet.swift in Sources */ = {isa = PBXBuildFile; fileRef = 49E8584D2C89749D005352F1 /* Planet.swift */; };
		49E858522C89754A005352F1 /* PlanetViewModel.swift in Sources */ = {isa = PBXBuildFile; fileRef = 49E858512C89754A005352F1 /* PlanetViewModel.swift */; };
		49E858542C8976AA005352F1 /* PlanetDetailView.swift in Sources */ = {isa = PBXBuildFile; fileRef = 49E858532C8976AA005352F1 /* PlanetDetailView.swift */; };
		49E858562C8976B5005352F1 /* PlanetRow.swift in Sources */ = {isa = PBXBuildFile; fileRef = 49E858552C8976B5005352F1 /* PlanetRow.swift */; };
		DD63F3532C93306900E38C45 /* API Handler.swift in Sources */ = {isa = PBXBuildFile; fileRef = DD63F3522C93306900E38C45 /* API Handler.swift */; };
/* End PBXBuildFile section */

/* Begin PBXFileReference section */
		490803D22C9142AA0033281E /* LaunchScreenView.swift */ = {isa = PBXFileReference; lastKnownFileType = sourcecode.swift; path = LaunchScreenView.swift; sourceTree = "<group>"; };
		490804122C9194AF0033281E /* VideoView.swift */ = {isa = PBXFileReference; lastKnownFileType = sourcecode.swift; path = VideoView.swift; sourceTree = "<group>"; };
		490804142C9197B90033281E /* ImageView.swift */ = {isa = PBXFileReference; lastKnownFileType = sourcecode.swift; path = ImageView.swift; sourceTree = "<group>"; };
		496371022C8C260C009BB71E /* PlanetInfoView.swift */ = {isa = PBXFileReference; lastKnownFileType = sourcecode.swift; path = PlanetInfoView.swift; sourceTree = "<group>"; };
		496371082C8CCFBA009BB71E /* Flashcard.swift */ = {isa = PBXFileReference; lastKnownFileType = sourcecode.swift; path = Flashcard.swift; sourceTree = "<group>"; };
		4963710A2C8CD0D3009BB71E /* QuizFlashcard.swift */ = {isa = PBXFileReference; lastKnownFileType = sourcecode.swift; path = QuizFlashcard.swift; sourceTree = "<group>"; };
		4963710C2C8CD225009BB71E /* FlashcardViewModel.swift */ = {isa = PBXFileReference; lastKnownFileType = sourcecode.swift; path = FlashcardViewModel.swift; sourceTree = "<group>"; };
		4963710E2C8CD35B009BB71E /* CardView.swift */ = {isa = PBXFileReference; lastKnownFileType = sourcecode.swift; path = CardView.swift; sourceTree = "<group>"; usesTabs = 0; };
		496371102C8CD518009BB71E /* FlashcardView.swift */ = {isa = PBXFileReference; lastKnownFileType = sourcecode.swift; path = FlashcardView.swift; sourceTree = "<group>"; };
		49DE14EC2C9576970084B767 /* SearchBar.swift */ = {isa = PBXFileReference; lastKnownFileType = sourcecode.swift; path = SearchBar.swift; sourceTree = "<group>"; };
		49DE14EE2C95861E0084B767 /* SectionHeader.swift */ = {isa = PBXFileReference; lastKnownFileType = sourcecode.swift; path = SectionHeader.swift; sourceTree = "<group>"; };
		49DE14F02C958C0D0084B767 /* MediaView.swift */ = {isa = PBXFileReference; lastKnownFileType = sourcecode.swift; path = MediaView.swift; sourceTree = "<group>"; };
		49DE14F22C9593C40084B767 /* AllPlanet.swift */ = {isa = PBXFileReference; lastKnownFileType = sourcecode.swift; path = AllPlanet.swift; sourceTree = "<group>"; };
		49DE14F82C9595210084B767 /* IntroView2.swift */ = {isa = PBXFileReference; lastKnownFileType = sourcecode.swift; path = IntroView2.swift; sourceTree = "<group>"; };
		49E63EDE2C88166D00D30092 /* CosmosEd.app */ = {isa = PBXFileReference; explicitFileType = wrapper.application; includeInIndex = 0; path = CosmosEd.app; sourceTree = BUILT_PRODUCTS_DIR; };
		49E63EE12C88166D00D30092 /* CosmosEdApp.swift */ = {isa = PBXFileReference; lastKnownFileType = sourcecode.swift; path = CosmosEdApp.swift; sourceTree = "<group>"; };
		49E63EE32C88166D00D30092 /* ContentView.swift */ = {isa = PBXFileReference; lastKnownFileType = sourcecode.swift; path = ContentView.swift; sourceTree = "<group>"; };
		49E63EE52C88166E00D30092 /* Assets.xcassets */ = {isa = PBXFileReference; lastKnownFileType = folder.assetcatalog; path = Assets.xcassets; sourceTree = "<group>"; };
		49E63EE82C88166E00D30092 /* Preview Assets.xcassets */ = {isa = PBXFileReference; lastKnownFileType = folder.assetcatalog; path = "Preview Assets.xcassets"; sourceTree = "<group>"; };
		49E8584D2C89749D005352F1 /* Planet.swift */ = {isa = PBXFileReference; lastKnownFileType = sourcecode.swift; path = Planet.swift; sourceTree = "<group>"; };
		49E858512C89754A005352F1 /* PlanetViewModel.swift */ = {isa = PBXFileReference; lastKnownFileType = sourcecode.swift; path = PlanetViewModel.swift; sourceTree = "<group>"; };
		49E858532C8976AA005352F1 /* PlanetDetailView.swift */ = {isa = PBXFileReference; lastKnownFileType = sourcecode.swift; path = PlanetDetailView.swift; sourceTree = "<group>"; };
		49E858552C8976B5005352F1 /* PlanetRow.swift */ = {isa = PBXFileReference; lastKnownFileType = sourcecode.swift; path = PlanetRow.swift; sourceTree = "<group>"; };
		DD63F3522C93306900E38C45 /* API Handler.swift */ = {isa = PBXFileReference; lastKnownFileType = sourcecode.swift; path = "API Handler.swift"; sourceTree = "<group>"; };
/* End PBXFileReference section */

/* Begin PBXFrameworksBuildPhase section */
		49E63EDB2C88166D00D30092 /* Frameworks */ = {
			isa = PBXFrameworksBuildPhase;
			buildActionMask = 2147483647;
			files = (
			);
			runOnlyForDeploymentPostprocessing = 0;
		};
/* End PBXFrameworksBuildPhase section */

/* Begin PBXGroup section */
		490803D02C9142870033281E /* AppEntry */ = {
			isa = PBXGroup;
			children = (
				490803D22C9142AA0033281E /* LaunchScreenView.swift */,
			);
			path = AppEntry;
			sourceTree = "<group>";
		};
		49CF4D272C88176100FE6D33 /* Model */ = {
			isa = PBXGroup;
			children = (
				49E8584D2C89749D005352F1 /* Planet.swift */,
				496371082C8CCFBA009BB71E /* Flashcard.swift */,
				4963710A2C8CD0D3009BB71E /* QuizFlashcard.swift */,
				DD63F3522C93306900E38C45 /* API Handler.swift */,
			);
			path = Model;
			sourceTree = "<group>";
		};
		49CF4D282C88176700FE6D33 /* ViewModel */ = {
			isa = PBXGroup;
			children = (
				49E858512C89754A005352F1 /* PlanetViewModel.swift */,
				4963710C2C8CD225009BB71E /* FlashcardViewModel.swift */,
			);
			path = ViewModel;
			sourceTree = "<group>";
		};
		49CF4D2A2C88177800FE6D33 /* View */ = {
			isa = PBXGroup;
			children = (
				49DE14EB2C9573630084B767 /* Reusable Components */,
				49E858532C8976AA005352F1 /* PlanetDetailView.swift */,
				496371022C8C260C009BB71E /* PlanetInfoView.swift */,
				490804122C9194AF0033281E /* VideoView.swift */,
				490804142C9197B90033281E /* ImageView.swift */,
				49DE14F22C9593C40084B767 /* AllPlanet.swift */,
				49E858552C8976B5005352F1 /* PlanetRow.swift */,
				49DE14F52C9594460084B767 /* Flashcards */,
			);
			path = View;
			sourceTree = "<group>";
		};
		49DE14EB2C9573630084B767 /* Reusable Components */ = {
			isa = PBXGroup;
			children = (
				49DE14EC2C9576970084B767 /* SearchBar.swift */,
				49DE14EE2C95861E0084B767 /* SectionHeader.swift */,
				49DE14F02C958C0D0084B767 /* MediaView.swift */,
			);
			path = "Reusable Components";
			sourceTree = "<group>";
		};
		49DE14F52C9594460084B767 /* Flashcards */ = {
			isa = PBXGroup;
			children = (
				49DE14F82C9595210084B767 /* IntroView2.swift */,
				4963710E2C8CD35B009BB71E /* CardView.swift */,
				496371102C8CD518009BB71E /* FlashcardView.swift */,
			);
			path = Flashcards;
			sourceTree = "<group>";
		};
		49E63ED52C88166D00D30092 = {
			isa = PBXGroup;
			children = (
				49E63EE02C88166D00D30092 /* CosmosEd */,
				49E63EDF2C88166D00D30092 /* Products */,
			);
			sourceTree = "<group>";
		};
		49E63EDF2C88166D00D30092 /* Products */ = {
			isa = PBXGroup;
			children = (
				49E63EDE2C88166D00D30092 /* CosmosEd.app */,
			);
			name = Products;
			sourceTree = "<group>";
		};
		49E63EE02C88166D00D30092 /* CosmosEd */ = {
			isa = PBXGroup;
			children = (
				49E63EE12C88166D00D30092 /* CosmosEdApp.swift */,
				49E63EE32C88166D00D30092 /* ContentView.swift */,
				490803D02C9142870033281E /* AppEntry */,
				49CF4D2A2C88177800FE6D33 /* View */,
				49CF4D282C88176700FE6D33 /* ViewModel */,
				49CF4D272C88176100FE6D33 /* Model */,
				49E63EE52C88166E00D30092 /* Assets.xcassets */,
				49E63EE72C88166E00D30092 /* Preview Content */,
			);
			path = CosmosEd;
			sourceTree = "<group>";
		};
		49E63EE72C88166E00D30092 /* Preview Content */ = {
			isa = PBXGroup;
			children = (
				49E63EE82C88166E00D30092 /* Preview Assets.xcassets */,
			);
			path = "Preview Content";
			sourceTree = "<group>";
		};
/* End PBXGroup section */

/* Begin PBXNativeTarget section */
		49E63EDD2C88166D00D30092 /* CosmosEd */ = {
			isa = PBXNativeTarget;
			buildConfigurationList = 49E63EEC2C88166E00D30092 /* Build configuration list for PBXNativeTarget "CosmosEd" */;
			buildPhases = (
				49E63EDA2C88166D00D30092 /* Sources */,
				49E63EDB2C88166D00D30092 /* Frameworks */,
				49E63EDC2C88166D00D30092 /* Resources */,
			);
			buildRules = (
			);
			dependencies = (
			);
			name = CosmosEd;
			productName = CosmosEd;
			productReference = 49E63EDE2C88166D00D30092 /* CosmosEd.app */;
			productType = "com.apple.product-type.application";
		};
/* End PBXNativeTarget section */

/* Begin PBXProject section */
		49E63ED62C88166D00D30092 /* Project object */ = {
			isa = PBXProject;
			attributes = {
				BuildIndependentTargetsInParallel = 1;
				LastSwiftUpdateCheck = 1540;
				LastUpgradeCheck = 1540;
				TargetAttributes = {
					49E63EDD2C88166D00D30092 = {
						CreatedOnToolsVersion = 15.4;
					};
				};
			};
			buildConfigurationList = 49E63ED92C88166D00D30092 /* Build configuration list for PBXProject "CosmosEd" */;
			compatibilityVersion = "Xcode 14.0";
			developmentRegion = en;
			hasScannedForEncodings = 0;
			knownRegions = (
				en,
				Base,
			);
			mainGroup = 49E63ED52C88166D00D30092;
			productRefGroup = 49E63EDF2C88166D00D30092 /* Products */;
			projectDirPath = "";
			projectRoot = "";
			targets = (
				49E63EDD2C88166D00D30092 /* CosmosEd */,
			);
		};
/* End PBXProject section */

/* Begin PBXResourcesBuildPhase section */
		49E63EDC2C88166D00D30092 /* Resources */ = {
			isa = PBXResourcesBuildPhase;
			buildActionMask = 2147483647;
			files = (
				49E63EE92C88166E00D30092 /* Preview Assets.xcassets in Resources */,
				49E63EE62C88166E00D30092 /* Assets.xcassets in Resources */,
			);
			runOnlyForDeploymentPostprocessing = 0;
		};
/* End PBXResourcesBuildPhase section */

/* Begin PBXSourcesBuildPhase section */
		49E63EDA2C88166D00D30092 /* Sources */ = {
			isa = PBXSourcesBuildPhase;
			buildActionMask = 2147483647;
			files = (
				49E8584E2C89749D005352F1 /* Planet.swift in Sources */,
				49E858522C89754A005352F1 /* PlanetViewModel.swift in Sources */,
				49DE14F92C9595210084B767 /* IntroView2.swift in Sources */,
				496371032C8C260C009BB71E /* PlanetInfoView.swift in Sources */,
				DD63F3532C93306900E38C45 /* API Handler.swift in Sources */,
				490804132C9194AF0033281E /* VideoView.swift in Sources */,
				490804152C9197B90033281E /* ImageView.swift in Sources */,
				490803D32C9142AA0033281E /* LaunchScreenView.swift in Sources */,
				496371112C8CD518009BB71E /* FlashcardView.swift in Sources */,
				49E858542C8976AA005352F1 /* PlanetDetailView.swift in Sources */,
				4963710B2C8CD0D4009BB71E /* QuizFlashcard.swift in Sources */,
				4963710F2C8CD35B009BB71E /* CardView.swift in Sources */,
				4963710D2C8CD225009BB71E /* FlashcardViewModel.swift in Sources */,
				49DE14F12C958C0D0084B767 /* MediaView.swift in Sources */,
				496371092C8CCFBA009BB71E /* Flashcard.swift in Sources */,
				49E63EE42C88166D00D30092 /* ContentView.swift in Sources */,
				49DE14EF2C95861E0084B767 /* SectionHeader.swift in Sources */,
				49DE14ED2C9576970084B767 /* SearchBar.swift in Sources */,
				49E858562C8976B5005352F1 /* PlanetRow.swift in Sources */,
				49DE14F32C9593C40084B767 /* AllPlanet.swift in Sources */,
				49E63EE22C88166D00D30092 /* CosmosEdApp.swift in Sources */,
			);
			runOnlyForDeploymentPostprocessing = 0;
		};
/* End PBXSourcesBuildPhase section */

/* Begin XCBuildConfiguration section */
		49E63EEA2C88166E00D30092 /* Debug */ = {
			isa = XCBuildConfiguration;
			buildSettings = {
				ALWAYS_SEARCH_USER_PATHS = NO;
				ASSETCATALOG_COMPILER_GENERATE_SWIFT_ASSET_SYMBOL_EXTENSIONS = YES;
				CLANG_ANALYZER_NONNULL = YES;
				CLANG_ANALYZER_NUMBER_OBJECT_CONVERSION = YES_AGGRESSIVE;
				CLANG_CXX_LANGUAGE_STANDARD = "gnu++20";
				CLANG_ENABLE_MODULES = YES;
				CLANG_ENABLE_OBJC_ARC = YES;
				CLANG_ENABLE_OBJC_WEAK = YES;
				CLANG_WARN_BLOCK_CAPTURE_AUTORELEASING = YES;
				CLANG_WARN_BOOL_CONVERSION = YES;
				CLANG_WARN_COMMA = YES;
				CLANG_WARN_CONSTANT_CONVERSION = YES;
				CLANG_WARN_DEPRECATED_OBJC_IMPLEMENTATIONS = YES;
				CLANG_WARN_DIRECT_OBJC_ISA_USAGE = YES_ERROR;
				CLANG_WARN_DOCUMENTATION_COMMENTS = YES;
				CLANG_WARN_EMPTY_BODY = YES;
				CLANG_WARN_ENUM_CONVERSION = YES;
				CLANG_WARN_INFINITE_RECURSION = YES;
				CLANG_WARN_INT_CONVERSION = YES;
				CLANG_WARN_NON_LITERAL_NULL_CONVERSION = YES;
				CLANG_WARN_OBJC_IMPLICIT_RETAIN_SELF = YES;
				CLANG_WARN_OBJC_LITERAL_CONVERSION = YES;
				CLANG_WARN_OBJC_ROOT_CLASS = YES_ERROR;
				CLANG_WARN_QUOTED_INCLUDE_IN_FRAMEWORK_HEADER = YES;
				CLANG_WARN_RANGE_LOOP_ANALYSIS = YES;
				CLANG_WARN_STRICT_PROTOTYPES = YES;
				CLANG_WARN_SUSPICIOUS_MOVE = YES;
				CLANG_WARN_UNGUARDED_AVAILABILITY = YES_AGGRESSIVE;
				CLANG_WARN_UNREACHABLE_CODE = YES;
				CLANG_WARN__DUPLICATE_METHOD_MATCH = YES;
				COPY_PHASE_STRIP = NO;
				DEBUG_INFORMATION_FORMAT = dwarf;
				ENABLE_STRICT_OBJC_MSGSEND = YES;
				ENABLE_TESTABILITY = YES;
				ENABLE_USER_SCRIPT_SANDBOXING = YES;
				GCC_C_LANGUAGE_STANDARD = gnu17;
				GCC_DYNAMIC_NO_PIC = NO;
				GCC_NO_COMMON_BLOCKS = YES;
				GCC_OPTIMIZATION_LEVEL = 0;
				GCC_PREPROCESSOR_DEFINITIONS = (
					"DEBUG=1",
					"$(inherited)",
				);
				GCC_WARN_64_TO_32_BIT_CONVERSION = YES;
				GCC_WARN_ABOUT_RETURN_TYPE = YES_ERROR;
				GCC_WARN_UNDECLARED_SELECTOR = YES;
				GCC_WARN_UNINITIALIZED_AUTOS = YES_AGGRESSIVE;
				GCC_WARN_UNUSED_FUNCTION = YES;
				GCC_WARN_UNUSED_VARIABLE = YES;
				IPHONEOS_DEPLOYMENT_TARGET = 17.5;
				LOCALIZATION_PREFERS_STRING_CATALOGS = YES;
				MTL_ENABLE_DEBUG_INFO = INCLUDE_SOURCE;
				MTL_FAST_MATH = YES;
				ONLY_ACTIVE_ARCH = YES;
				SDKROOT = iphoneos;
				SWIFT_ACTIVE_COMPILATION_CONDITIONS = "DEBUG $(inherited)";
				SWIFT_OPTIMIZATION_LEVEL = "-Onone";
			};
			name = Debug;
		};
		49E63EEB2C88166E00D30092 /* Release */ = {
			isa = XCBuildConfiguration;
			buildSettings = {
				ALWAYS_SEARCH_USER_PATHS = NO;
				ASSETCATALOG_COMPILER_GENERATE_SWIFT_ASSET_SYMBOL_EXTENSIONS = YES;
				CLANG_ANALYZER_NONNULL = YES;
				CLANG_ANALYZER_NUMBER_OBJECT_CONVERSION = YES_AGGRESSIVE;
				CLANG_CXX_LANGUAGE_STANDARD = "gnu++20";
				CLANG_ENABLE_MODULES = YES;
				CLANG_ENABLE_OBJC_ARC = YES;
				CLANG_ENABLE_OBJC_WEAK = YES;
				CLANG_WARN_BLOCK_CAPTURE_AUTORELEASING = YES;
				CLANG_WARN_BOOL_CONVERSION = YES;
				CLANG_WARN_COMMA = YES;
				CLANG_WARN_CONSTANT_CONVERSION = YES;
				CLANG_WARN_DEPRECATED_OBJC_IMPLEMENTATIONS = YES;
				CLANG_WARN_DIRECT_OBJC_ISA_USAGE = YES_ERROR;
				CLANG_WARN_DOCUMENTATION_COMMENTS = YES;
				CLANG_WARN_EMPTY_BODY = YES;
				CLANG_WARN_ENUM_CONVERSION = YES;
				CLANG_WARN_INFINITE_RECURSION = YES;
				CLANG_WARN_INT_CONVERSION = YES;
				CLANG_WARN_NON_LITERAL_NULL_CONVERSION = YES;
				CLANG_WARN_OBJC_IMPLICIT_RETAIN_SELF = YES;
				CLANG_WARN_OBJC_LITERAL_CONVERSION = YES;
				CLANG_WARN_OBJC_ROOT_CLASS = YES_ERROR;
				CLANG_WARN_QUOTED_INCLUDE_IN_FRAMEWORK_HEADER = YES;
				CLANG_WARN_RANGE_LOOP_ANALYSIS = YES;
				CLANG_WARN_STRICT_PROTOTYPES = YES;
				CLANG_WARN_SUSPICIOUS_MOVE = YES;
				CLANG_WARN_UNGUARDED_AVAILABILITY = YES_AGGRESSIVE;
				CLANG_WARN_UNREACHABLE_CODE = YES;
				CLANG_WARN__DUPLICATE_METHOD_MATCH = YES;
				COPY_PHASE_STRIP = NO;
				DEBUG_INFORMATION_FORMAT = "dwarf-with-dsym";
				ENABLE_NS_ASSERTIONS = NO;
				ENABLE_STRICT_OBJC_MSGSEND = YES;
				ENABLE_USER_SCRIPT_SANDBOXING = YES;
				GCC_C_LANGUAGE_STANDARD = gnu17;
				GCC_NO_COMMON_BLOCKS = YES;
				GCC_WARN_64_TO_32_BIT_CONVERSION = YES;
				GCC_WARN_ABOUT_RETURN_TYPE = YES_ERROR;
				GCC_WARN_UNDECLARED_SELECTOR = YES;
				GCC_WARN_UNINITIALIZED_AUTOS = YES_AGGRESSIVE;
				GCC_WARN_UNUSED_FUNCTION = YES;
				GCC_WARN_UNUSED_VARIABLE = YES;
				IPHONEOS_DEPLOYMENT_TARGET = 17.5;
				LOCALIZATION_PREFERS_STRING_CATALOGS = YES;
				MTL_ENABLE_DEBUG_INFO = NO;
				MTL_FAST_MATH = YES;
				SDKROOT = iphoneos;
				SWIFT_COMPILATION_MODE = wholemodule;
				VALIDATE_PRODUCT = YES;
			};
			name = Release;
		};
		49E63EED2C88166E00D30092 /* Debug */ = {
			isa = XCBuildConfiguration;
			buildSettings = {
				ASSETCATALOG_COMPILER_APPICON_NAME = AppIcon;
				ASSETCATALOG_COMPILER_GLOBAL_ACCENT_COLOR_NAME = AccentColor;
				CODE_SIGN_STYLE = Automatic;
				CURRENT_PROJECT_VERSION = 1;
				DEVELOPMENT_ASSET_PATHS = "\"CosmosEd/Preview Content\"";
				ENABLE_PREVIEWS = YES;
				GENERATE_INFOPLIST_FILE = YES;
				INFOPLIST_KEY_UIApplicationSceneManifest_Generation = YES;
				INFOPLIST_KEY_UIApplicationSupportsIndirectInputEvents = YES;
				INFOPLIST_KEY_UILaunchScreen_Generation = YES;
				INFOPLIST_KEY_UISupportedInterfaceOrientations_iPad = "UIInterfaceOrientationPortrait UIInterfaceOrientationPortraitUpsideDown UIInterfaceOrientationLandscapeLeft UIInterfaceOrientationLandscapeRight";
				INFOPLIST_KEY_UISupportedInterfaceOrientations_iPhone = "UIInterfaceOrientationPortrait UIInterfaceOrientationLandscapeLeft UIInterfaceOrientationLandscapeRight";
				IPHONEOS_DEPLOYMENT_TARGET = 16.6;
				LD_RUNPATH_SEARCH_PATHS = (
					"$(inherited)",
					"@executable_path/Frameworks",
				);
				MARKETING_VERSION = 1.0;
				PRODUCT_BUNDLE_IDENTIFIER = au.edu.uts.CosmosEd;
				PRODUCT_NAME = "$(TARGET_NAME)";
				SWIFT_EMIT_LOC_STRINGS = YES;
				SWIFT_VERSION = 5.0;
				TARGETED_DEVICE_FAMILY = "1,2";
			};
			name = Debug;
		};
		49E63EEE2C88166E00D30092 /* Release */ = {
			isa = XCBuildConfiguration;
			buildSettings = {
				ASSETCATALOG_COMPILER_APPICON_NAME = AppIcon;
				ASSETCATALOG_COMPILER_GLOBAL_ACCENT_COLOR_NAME = AccentColor;
				CODE_SIGN_STYLE = Automatic;
				CURRENT_PROJECT_VERSION = 1;
				DEVELOPMENT_ASSET_PATHS = "\"CosmosEd/Preview Content\"";
				ENABLE_PREVIEWS = YES;
				GENERATE_INFOPLIST_FILE = YES;
				INFOPLIST_KEY_UIApplicationSceneManifest_Generation = YES;
				INFOPLIST_KEY_UIApplicationSupportsIndirectInputEvents = YES;
				INFOPLIST_KEY_UILaunchScreen_Generation = YES;
				INFOPLIST_KEY_UISupportedInterfaceOrientations_iPad = "UIInterfaceOrientationPortrait UIInterfaceOrientationPortraitUpsideDown UIInterfaceOrientationLandscapeLeft UIInterfaceOrientationLandscapeRight";
				INFOPLIST_KEY_UISupportedInterfaceOrientations_iPhone = "UIInterfaceOrientationPortrait UIInterfaceOrientationLandscapeLeft UIInterfaceOrientationLandscapeRight";
				IPHONEOS_DEPLOYMENT_TARGET = 16.6;
				LD_RUNPATH_SEARCH_PATHS = (
					"$(inherited)",
					"@executable_path/Frameworks",
				);
				MARKETING_VERSION = 1.0;
				PRODUCT_BUNDLE_IDENTIFIER = au.edu.uts.CosmosEd;
				PRODUCT_NAME = "$(TARGET_NAME)";
				SWIFT_EMIT_LOC_STRINGS = YES;
				SWIFT_VERSION = 5.0;
				TARGETED_DEVICE_FAMILY = "1,2";
			};
			name = Release;
		};
/* End XCBuildConfiguration section */

/* Begin XCConfigurationList section */
		49E63ED92C88166D00D30092 /* Build configuration list for PBXProject "CosmosEd" */ = {
			isa = XCConfigurationList;
			buildConfigurations = (
				49E63EEA2C88166E00D30092 /* Debug */,
				49E63EEB2C88166E00D30092 /* Release */,
			);
			defaultConfigurationIsVisible = 0;
			defaultConfigurationName = Release;
		};
		49E63EEC2C88166E00D30092 /* Build configuration list for PBXNativeTarget "CosmosEd" */ = {
			isa = XCConfigurationList;
			buildConfigurations = (
				49E63EED2C88166E00D30092 /* Debug */,
				49E63EEE2C88166E00D30092 /* Release */,
			);
			defaultConfigurationIsVisible = 0;
			defaultConfigurationName = Release;
		};
/* End XCConfigurationList section */
	};
	rootObject = 49E63ED62C88166D00D30092 /* Project object */;
}
